
Microsoft Visual Studio Solution File, Format Version 12.00
# Visual Studio Version 16
VisualStudioVersion = 16.0.30503.244
MinimumVisualStudioVersion = 10.0.40219.1
Project("{FAE04EC0-301F-11D3-BF4B-00C04F79EFBC}") = "MauThietKe", "MauThietKe\MauThietKe.csproj", "{1140FAC2-C21D-48E5-A8FF-E7BF88BF20EF}"
EndProject
Global
	GlobalSection(SolutionConfigurationPlatforms) = preSolution
		Debug|Any CPU = Debug|Any CPU
		Release|Any CPU = Release|Any CPU
	EndGlobalSection
	GlobalSection(ProjectConfigurationPlatforms) = postSolution
		{1140FAC2-C21D-48E5-A8FF-E7BF88BF20EF}.Debug|Any CPU.ActiveCfg = Debug|Any CPU
		{1140FAC2-C21D-48E5-A8FF-E7BF88BF20EF}.Debug|Any CPU.Build.0 = Debug|Any CPU
		{1140FAC2-C21D-48E5-A8FF-E7BF88BF20EF}.Release|Any CPU.ActiveCfg = Release|Any CPU
		{1140FAC2-C21D-48E5-A8FF-E7BF88BF20EF}.Release|Any CPU.Build.0 = Release|Any CPU
	EndGlobalSection
	GlobalSection(SolutionProperties) = preSolution
		HideSolutionNode = FALSE
	EndGlobalSection
	GlobalSection(ExtensibilityGlobals) = postSolution
		SolutionGuid = {0B933271-0EAE-4898-9B71-0061F8350693}
	EndGlobalSection
EndGlobal
